{
  "name": ".graphos",
  "lockfileVersion": 3,
  "requires": true,
  "packages": {
    "": {
      "dependencies": {
        "graphos-world-plugin": "file:../packages/world-plugin"
      }
    },
    "../packages/world-plugin": {
      "name": "react-example",
      "version": "0.0.0",
      "dependencies": {
        "@tailwindcss/vite": "^4.1.14",
        "@types/lodash": "^4.17.24",
        "@types/react-grid-layout": "^1.3.6",
        "@vitejs/plugin-react": "^5.0.4",
        "clsx": "^2.1.1",
        "dotenv": "^17.2.3",
        "express": "^4.21.2",
        "graphos-core": "^1.0.5",
        "lodash": "^4.18.1",
        "lucide-react": "^0.546.0",
        "motion": "^12.23.24",
        "react": "^19.0.1",
        "react-dom": "^19.0.1",
        "react-grid-layout": "^1.5.3",
        "socket.io": "^4.8.3",
        "socket.io-client": "^4.8.3",
        "tailwind-merge": "^3.5.0",
        "vite": "^6.2.3"
      },
      "devDependencies": {
        "@types/express": "^4.17.21",
        "@types/node": "^22.14.0",
        "autoprefixer": "^10.4.21",
        "tailwindcss": "^4.1.14",
        "tsx": "^4.21.0",
        "typescript": "~5.8.2",
        "vite": "^6.2.3"
      }
    },
    "node_modules/graphos-world-plugin": {
      "resolved": "../packages/world-plugin",
      "link": true
    }
  }
}
