{
  "name": ".graphos",
  "lockfileVersion": 3,
  "requires": true,
  "packages": {
    "": {
      "dependencies": {
        "graphos-world-plugin": "file:../packages/world-plugin"
      }
    },
    "../packages/world-plugin": {
      "name": "graphos-world-plugin",
      "version": "1.0.0",
      "license": "ISC",
      "dependencies": {
        "graphos-core": "^1.0.0"
      },
      "devDependencies": {
        "@types/node": "^25.6.0",
        "typescript": "^6.0.3"
      }
    },
    "node_modules/graphos-world-plugin": {
      "resolved": "../packages/world-plugin",
      "link": true
    }
  }
}
